
Microsoft Visual Studio Solution File, Format Version 12.00
Project("{FAE04EC0-301F-11D3-BF4B-00C04F79EFBC}") = "Text Game", "Text Game\Text Game.csproj", "{E07F9539-192B-46B1-B531-7A82CB65056E}"
EndProject
Global
	GlobalSection(SolutionConfigurationPlatforms) = preSolution
		Debug|Any CPU = Debug|Any CPU
		Release|Any CPU = Release|Any CPU
	EndGlobalSection
	GlobalSection(ProjectConfigurationPlatforms) = postSolution
		{E07F9539-192B-46B1-B531-7A82CB65056E}.Debug|Any CPU.ActiveCfg = Debug|Any CPU
		{E07F9539-192B-46B1-B531-7A82CB65056E}.Debug|Any CPU.Build.0 = Debug|Any CPU
		{E07F9539-192B-46B1-B531-7A82CB65056E}.Release|Any CPU.ActiveCfg = Release|Any CPU
		{E07F9539-192B-46B1-B531-7A82CB65056E}.Release|Any CPU.Build.0 = Release|Any CPU
	EndGlobalSection
EndGlobal
